
Microsoft Visual Studio Solution File, Format Version 12.00
# Visual Studio Version 17
VisualStudioVersion = 17.13.35806.99 d17.13
MinimumVisualStudioVersion = 10.0.40219.1
Project("{FAE04EC0-301F-11D3-BF4B-00C04F79EFBC}") = "Ghost.APIs", "Ghost.APIs\Ghost.APIs.csproj", "{98F913D1-E494-4783-A5B3-99DD5CC1808F}"
EndProject
Project("{FAE04EC0-301F-11D3-BF4B-00C04F79EFBC}") = "Infrastructure", "Infrastructure\Infrastructure.csproj", "{54BE6047-D38A-4057-AD0D-DB73A9E95807}"
EndProject
Project("{FAE04EC0-301F-11D3-BF4B-00C04F79EFBC}") = "Application", "Application\Application.csproj", "{6588FB6A-FA84-434B-A58C-289329580A90}"
EndProject
Project("{FAE04EC0-301F-11D3-BF4B-00C04F79EFBC}") = "Domain", "Domain\Domain.csproj", "{7B96E9CE-927C-4565-9DED-116A28AEA69D}"
EndProject
Global
	GlobalSection(SolutionConfigurationPlatforms) = preSolution
		Debug|Any CPU = Debug|Any CPU
		Release|Any CPU = Release|Any CPU
	EndGlobalSection
	GlobalSection(ProjectConfigurationPlatforms) = postSolution
		{98F913D1-E494-4783-A5B3-99DD5CC1808F}.Debug|Any CPU.ActiveCfg = Debug|Any CPU
		{98F913D1-E494-4783-A5B3-99DD5CC1808F}.Debug|Any CPU.Build.0 = Debug|Any CPU
		{98F913D1-E494-4783-A5B3-99DD5CC1808F}.Release|Any CPU.ActiveCfg = Release|Any CPU
		{98F913D1-E494-4783-A5B3-99DD5CC1808F}.Release|Any CPU.Build.0 = Release|Any CPU
		{54BE6047-D38A-4057-AD0D-DB73A9E95807}.Debug|Any CPU.ActiveCfg = Debug|Any CPU
		{54BE6047-D38A-4057-AD0D-DB73A9E95807}.Debug|Any CPU.Build.0 = Debug|Any CPU
		{54BE6047-D38A-4057-AD0D-DB73A9E95807}.Release|Any CPU.ActiveCfg = Release|Any CPU
		{54BE6047-D38A-4057-AD0D-DB73A9E95807}.Release|Any CPU.Build.0 = Release|Any CPU
		{6588FB6A-FA84-434B-A58C-289329580A90}.Debug|Any CPU.ActiveCfg = Debug|Any CPU
		{6588FB6A-FA84-434B-A58C-289329580A90}.Debug|Any CPU.Build.0 = Debug|Any CPU
		{6588FB6A-FA84-434B-A58C-289329580A90}.Release|Any CPU.ActiveCfg = Release|Any CPU
		{6588FB6A-FA84-434B-A58C-289329580A90}.Release|Any CPU.Build.0 = Release|Any CPU
		{7B96E9CE-927C-4565-9DED-116A28AEA69D}.Debug|Any CPU.ActiveCfg = Debug|Any CPU
		{7B96E9CE-927C-4565-9DED-116A28AEA69D}.Debug|Any CPU.Build.0 = Debug|Any CPU
		{7B96E9CE-927C-4565-9DED-116A28AEA69D}.Release|Any CPU.ActiveCfg = Release|Any CPU
		{7B96E9CE-927C-4565-9DED-116A28AEA69D}.Release|Any CPU.Build.0 = Release|Any CPU
	EndGlobalSection
	GlobalSection(SolutionProperties) = preSolution
		HideSolutionNode = FALSE
	EndGlobalSection
	GlobalSection(ExtensibilityGlobals) = postSolution
		SolutionGuid = {A68A6797-1411-412E-807C-AE1B805E4397}
	EndGlobalSection
EndGlobal
